
Microsoft Visual Studio Solution File, Format Version 12.00
# Visual Studio Version 16
VisualStudioVersion = 16.0.31205.134
MinimumVisualStudioVersion = 10.0.40219.1
Project("{9A19103F-16F7-4668-BE54-9A1E7A4F7556}") = "Get_Text", "Get_Text.csproj", "{396E456A-9F8A-4E8D-A755-35FD85365409}"
EndProject
Global
	GlobalSection(SolutionConfigurationPlatforms) = preSolution
		Debug|Any CPU = Debug|Any CPU
		Debug|x86 = Debug|x86
		Release|Any CPU = Release|Any CPU
		Release|x86 = Release|x86
	EndGlobalSection
	GlobalSection(ProjectConfigurationPlatforms) = postSolution
		{396E456A-9F8A-4E8D-A755-35FD85365409}.Debug|Any CPU.ActiveCfg = Debug|Any CPU
		{396E456A-9F8A-4E8D-A755-35FD85365409}.Debug|Any CPU.Build.0 = Debug|Any CPU
		{396E456A-9F8A-4E8D-A755-35FD85365409}.Debug|x86.ActiveCfg = Debug|x86
		{396E456A-9F8A-4E8D-A755-35FD85365409}.Debug|x86.Build.0 = Debug|x86
		{396E456A-9F8A-4E8D-A755-35FD85365409}.Release|Any CPU.ActiveCfg = Release|Any CPU
		{396E456A-9F8A-4E8D-A755-35FD85365409}.Release|Any CPU.Build.0 = Release|Any CPU
		{396E456A-9F8A-4E8D-A755-35FD85365409}.Release|x86.ActiveCfg = Release|x86
		{396E456A-9F8A-4E8D-A755-35FD85365409}.Release|x86.Build.0 = Release|x86
	EndGlobalSection
	GlobalSection(SolutionProperties) = preSolution
		HideSolutionNode = FALSE
	EndGlobalSection
	GlobalSection(ExtensibilityGlobals) = postSolution
		SolutionGuid = {4E1D5C34-8E5C-4ECE-953A-01BB9C82FC4C}
	EndGlobalSection
EndGlobal
